
Microsoft Visual Studio Solution File, Format Version 12.00
# Visual Studio Version 17
VisualStudioVersion = 17.9.34728.123
MinimumVisualStudioVersion = 10.0.40219.1
Project("{9A19103F-16F7-4668-BE54-9A1E7A4F7556}") = "PuPuAuto.Server", "PuPuAuto.Server\PuPuAuto.Server.csproj", "{18036277-1A00-46D1-B3A3-A8FFA3C33E67}"
EndProject
Project("{54A90642-561A-4BB1-A94E-469ADEE60C69}") = "pupuauto.client", "pupuauto.client\pupuauto.client.esproj", "{1DF52D04-6098-4B46-9018-79917393EDBF}"
EndProject
Project("{FAE04EC0-301F-11D3-BF4B-00C04F79EFBC}") = "PuPuAuto.Services", "PuPuAuto.Services\PuPuAuto.Services.csproj", "{D8169EE1-D243-4382-BA0E-9AA66824E33C}"
EndProject
Project("{FAE04EC0-301F-11D3-BF4B-00C04F79EFBC}") = "PuPuAuto.Contracts", "PuPuAuto.Contracts\PuPuAuto.Contracts.csproj", "{B35802F8-31CA-4FB2-B090-4B149ACE79AC}"
EndProject
Project("{FAE04EC0-301F-11D3-BF4B-00C04F79EFBC}") = "PuPuAuto.UnitTest", "PuPuAuto.UnitTest\PuPuAuto.UnitTest.csproj", "{4E70FBF5-FFB0-451C-9A0E-23918CA36236}"
EndProject
Global
	GlobalSection(SolutionConfigurationPlatforms) = preSolution
		Debug|Any CPU = Debug|Any CPU
		Release|Any CPU = Release|Any CPU
	EndGlobalSection
	GlobalSection(ProjectConfigurationPlatforms) = postSolution
		{18036277-1A00-46D1-B3A3-A8FFA3C33E67}.Debug|Any CPU.ActiveCfg = Debug|Any CPU
		{18036277-1A00-46D1-B3A3-A8FFA3C33E67}.Debug|Any CPU.Build.0 = Debug|Any CPU
		{18036277-1A00-46D1-B3A3-A8FFA3C33E67}.Release|Any CPU.ActiveCfg = Release|Any CPU
		{18036277-1A00-46D1-B3A3-A8FFA3C33E67}.Release|Any CPU.Build.0 = Release|Any CPU
		{1DF52D04-6098-4B46-9018-79917393EDBF}.Debug|Any CPU.ActiveCfg = Debug|Any CPU
		{1DF52D04-6098-4B46-9018-79917393EDBF}.Debug|Any CPU.Build.0 = Debug|Any CPU
		{1DF52D04-6098-4B46-9018-79917393EDBF}.Debug|Any CPU.Deploy.0 = Debug|Any CPU
		{1DF52D04-6098-4B46-9018-79917393EDBF}.Release|Any CPU.ActiveCfg = Release|Any CPU
		{1DF52D04-6098-4B46-9018-79917393EDBF}.Release|Any CPU.Build.0 = Release|Any CPU
		{1DF52D04-6098-4B46-9018-79917393EDBF}.Release|Any CPU.Deploy.0 = Release|Any CPU
		{D8169EE1-D243-4382-BA0E-9AA66824E33C}.Debug|Any CPU.ActiveCfg = Debug|Any CPU
		{D8169EE1-D243-4382-BA0E-9AA66824E33C}.Debug|Any CPU.Build.0 = Debug|Any CPU
		{D8169EE1-D243-4382-BA0E-9AA66824E33C}.Release|Any CPU.ActiveCfg = Release|Any CPU
		{D8169EE1-D243-4382-BA0E-9AA66824E33C}.Release|Any CPU.Build.0 = Release|Any CPU
		{B35802F8-31CA-4FB2-B090-4B149ACE79AC}.Debug|Any CPU.ActiveCfg = Debug|Any CPU
		{B35802F8-31CA-4FB2-B090-4B149ACE79AC}.Debug|Any CPU.Build.0 = Debug|Any CPU
		{B35802F8-31CA-4FB2-B090-4B149ACE79AC}.Release|Any CPU.ActiveCfg = Release|Any CPU
		{B35802F8-31CA-4FB2-B090-4B149ACE79AC}.Release|Any CPU.Build.0 = Release|Any CPU
		{4E70FBF5-FFB0-451C-9A0E-23918CA36236}.Debug|Any CPU.ActiveCfg = Debug|Any CPU
		{4E70FBF5-FFB0-451C-9A0E-23918CA36236}.Debug|Any CPU.Build.0 = Debug|Any CPU
		{4E70FBF5-FFB0-451C-9A0E-23918CA36236}.Release|Any CPU.ActiveCfg = Release|Any CPU
		{4E70FBF5-FFB0-451C-9A0E-23918CA36236}.Release|Any CPU.Build.0 = Release|Any CPU
	EndGlobalSection
	GlobalSection(SolutionProperties) = preSolution
		HideSolutionNode = FALSE
	EndGlobalSection
	GlobalSection(ExtensibilityGlobals) = postSolution
		SolutionGuid = {70E34A43-3635-4285-814C-7CC2C9C265AF}
	EndGlobalSection
EndGlobal
