
Microsoft Visual Studio Solution File, Format Version 12.00
# Visual Studio Version 17
VisualStudioVersion = 17.9.34728.123
MinimumVisualStudioVersion = 10.0.40219.1
Project("{FAE04EC0-301F-11D3-BF4B-00C04F79EFBC}") = "PuPuAuto.Server", "PuPuAuto.Server\PuPuAuto.Server.csproj", "{18036277-1A00-46D1-B3A3-A8FFA3C33E67}"
EndProject
Project("{54A90642-561A-4BB1-A94E-469ADEE60C69}") = "pupuauto.client", "pupuauto.client\pupuauto.client.esproj", "{1DF52D04-6098-4B46-9018-79917393EDBF}"
EndProject
Global
	GlobalSection(SolutionConfigurationPlatforms) = preSolution
		Debug|Any CPU = Debug|Any CPU
		Release|Any CPU = Release|Any CPU
	EndGlobalSection
	GlobalSection(ProjectConfigurationPlatforms) = postSolution
		{18036277-1A00-46D1-B3A3-A8FFA3C33E67}.Debug|Any CPU.ActiveCfg = Debug|Any CPU
		{18036277-1A00-46D1-B3A3-A8FFA3C33E67}.Debug|Any CPU.Build.0 = Debug|Any CPU
		{18036277-1A00-46D1-B3A3-A8FFA3C33E67}.Release|Any CPU.ActiveCfg = Release|Any CPU
		{18036277-1A00-46D1-B3A3-A8FFA3C33E67}.Release|Any CPU.Build.0 = Release|Any CPU
		{1DF52D04-6098-4B46-9018-79917393EDBF}.Debug|Any CPU.ActiveCfg = Debug|Any CPU
		{1DF52D04-6098-4B46-9018-79917393EDBF}.Debug|Any CPU.Build.0 = Debug|Any CPU
		{1DF52D04-6098-4B46-9018-79917393EDBF}.Debug|Any CPU.Deploy.0 = Debug|Any CPU
		{1DF52D04-6098-4B46-9018-79917393EDBF}.Release|Any CPU.ActiveCfg = Release|Any CPU
		{1DF52D04-6098-4B46-9018-79917393EDBF}.Release|Any CPU.Build.0 = Release|Any CPU
		{1DF52D04-6098-4B46-9018-79917393EDBF}.Release|Any CPU.Deploy.0 = Release|Any CPU
	EndGlobalSection
	GlobalSection(SolutionProperties) = preSolution
		HideSolutionNode = FALSE
	EndGlobalSection
	GlobalSection(ExtensibilityGlobals) = postSolution
		SolutionGuid = {70E34A43-3635-4285-814C-7CC2C9C265AF}
	EndGlobalSection
EndGlobal
